
Microsoft Visual Studio Solution File, Format Version 12.00
# Visual Studio 15
VisualStudioVersion = 15.0.27703.2047
MinimumVisualStudioVersion = 10.0.40219.1
Project("{FAE04EC0-301F-11D3-BF4B-00C04F79EFBC}") = "PhanCongGiangDay", "PhanCongGiangDay\PhanCongGiangDay.csproj", "{7279DB02-2AA8-4DA8-A92A-3B3EDB4AA06F}"
EndProject
Project("{FAE04EC0-301F-11D3-BF4B-00C04F79EFBC}") = "Lib.Setting", "Lib.Setting\Lib.Setting.csproj", "{B5D6B5C5-B810-4504-881E-69D1DAF35767}"
EndProject
Project("{FAE04EC0-301F-11D3-BF4B-00C04F79EFBC}") = "Lib.Account", "Lib.Account\Lib.Account.csproj", "{DDE797E1-24A8-49E1-9E66-3DF7034E7E51}"
EndProject
Project("{FAE04EC0-301F-11D3-BF4B-00C04F79EFBC}") = "Lib.DonVi", "Lib.DonVi\Lib.DonVi.csproj", "{A4A41405-76F4-4F17-943F-1A5106666EB5}"
EndProject
Project("{FAE04EC0-301F-11D3-BF4B-00C04F79EFBC}") = "Lib.PhanCongNhomLop", "Lib.PhanCongNhomLop\Lib.PhanCongNhomLop.csproj", "{D7BF8255-55DB-4852-AC40-46915B44C97A}"
EndProject
Project("{FAE04EC0-301F-11D3-BF4B-00C04F79EFBC}") = "Lib.NamHoc", "Lib.NamHoc\Lib.NamHoc.csproj", "{4F8CDC9F-A3CC-4C29-95A9-475000CD7C50}"
EndProject
Project("{FAE04EC0-301F-11D3-BF4B-00C04F79EFBC}") = "Lib.Khoa", "Lib.Khoa\Lib.Khoa.csproj", "{3CF0C2B8-5188-455A-BA7A-431A447031E8}"
EndProject
Project("{FAE04EC0-301F-11D3-BF4B-00C04F79EFBC}") = "Lib.HocPhan", "Lib.HocPhan\Lib.HocPhan.csproj", "{B3B0FE8A-CE9D-44EB-9F79-ED22F4AC2ADB}"
EndProject
Project("{FAE04EC0-301F-11D3-BF4B-00C04F79EFBC}") = "Lib.ChuongTrinhDaoTao", "Lib.ChuongTrinhDaoTao\Lib.ChuongTrinhDaoTao.csproj", "{5345AC50-2121-4818-82BE-990F436816B1}"
EndProject
Project("{FAE04EC0-301F-11D3-BF4B-00C04F79EFBC}") = "Lib.PhanCongGiangVien", "Lib.PhanCongGiangVien\Lib.PhanCongGiangVien.csproj", "{7A06D892-5E03-430B-9021-29FD04C3FB62}"
EndProject
Project("{FAE04EC0-301F-11D3-BF4B-00C04F79EFBC}") = "Lib.CongTacKhac", "Lib.CongTacKhac\Lib.CongTacKhac.csproj", "{0FE637CE-EF30-438A-8D0A-DA0EC8290D68}"
EndProject
Project("{FAE04EC0-301F-11D3-BF4B-00C04F79EFBC}") = "Lib.GiangVien", "Lib.GiangVien\Lib.GiangVien.csproj", "{DDE71D45-87E8-409B-AD61-62FC99E60445}"
EndProject
Project("{FAE04EC0-301F-11D3-BF4B-00C04F79EFBC}") = "Lib.XuatExcel", "Lib.XuatExcel\Lib.XuatExcel.csproj", "{55DDD9E8-E940-4490-8462-3C2E487FC86B}"
EndProject
Global
	GlobalSection(SolutionConfigurationPlatforms) = preSolution
		Debug|Any CPU = Debug|Any CPU
		Release|Any CPU = Release|Any CPU
	EndGlobalSection
	GlobalSection(ProjectConfigurationPlatforms) = postSolution
		{7279DB02-2AA8-4DA8-A92A-3B3EDB4AA06F}.Debug|Any CPU.ActiveCfg = Debug|Any CPU
		{7279DB02-2AA8-4DA8-A92A-3B3EDB4AA06F}.Debug|Any CPU.Build.0 = Debug|Any CPU
		{7279DB02-2AA8-4DA8-A92A-3B3EDB4AA06F}.Release|Any CPU.ActiveCfg = Release|Any CPU
		{7279DB02-2AA8-4DA8-A92A-3B3EDB4AA06F}.Release|Any CPU.Build.0 = Release|Any CPU
		{B5D6B5C5-B810-4504-881E-69D1DAF35767}.Debug|Any CPU.ActiveCfg = Debug|Any CPU
		{B5D6B5C5-B810-4504-881E-69D1DAF35767}.Debug|Any CPU.Build.0 = Debug|Any CPU
		{B5D6B5C5-B810-4504-881E-69D1DAF35767}.Release|Any CPU.ActiveCfg = Release|Any CPU
		{B5D6B5C5-B810-4504-881E-69D1DAF35767}.Release|Any CPU.Build.0 = Release|Any CPU
		{DDE797E1-24A8-49E1-9E66-3DF7034E7E51}.Debug|Any CPU.ActiveCfg = Debug|Any CPU
		{DDE797E1-24A8-49E1-9E66-3DF7034E7E51}.Debug|Any CPU.Build.0 = Debug|Any CPU
		{DDE797E1-24A8-49E1-9E66-3DF7034E7E51}.Release|Any CPU.ActiveCfg = Release|Any CPU
		{DDE797E1-24A8-49E1-9E66-3DF7034E7E51}.Release|Any CPU.Build.0 = Release|Any CPU
		{A4A41405-76F4-4F17-943F-1A5106666EB5}.Debug|Any CPU.ActiveCfg = Debug|Any CPU
		{A4A41405-76F4-4F17-943F-1A5106666EB5}.Debug|Any CPU.Build.0 = Debug|Any CPU
		{A4A41405-76F4-4F17-943F-1A5106666EB5}.Release|Any CPU.ActiveCfg = Release|Any CPU
		{A4A41405-76F4-4F17-943F-1A5106666EB5}.Release|Any CPU.Build.0 = Release|Any CPU
		{D7BF8255-55DB-4852-AC40-46915B44C97A}.Debug|Any CPU.ActiveCfg = Debug|Any CPU
		{D7BF8255-55DB-4852-AC40-46915B44C97A}.Debug|Any CPU.Build.0 = Debug|Any CPU
		{D7BF8255-55DB-4852-AC40-46915B44C97A}.Release|Any CPU.ActiveCfg = Release|Any CPU
		{D7BF8255-55DB-4852-AC40-46915B44C97A}.Release|Any CPU.Build.0 = Release|Any CPU
		{4F8CDC9F-A3CC-4C29-95A9-475000CD7C50}.Debug|Any CPU.ActiveCfg = Debug|Any CPU
		{4F8CDC9F-A3CC-4C29-95A9-475000CD7C50}.Debug|Any CPU.Build.0 = Debug|Any CPU
		{4F8CDC9F-A3CC-4C29-95A9-475000CD7C50}.Release|Any CPU.ActiveCfg = Release|Any CPU
		{4F8CDC9F-A3CC-4C29-95A9-475000CD7C50}.Release|Any CPU.Build.0 = Release|Any CPU
		{3CF0C2B8-5188-455A-BA7A-431A447031E8}.Debug|Any CPU.ActiveCfg = Debug|Any CPU
		{3CF0C2B8-5188-455A-BA7A-431A447031E8}.Debug|Any CPU.Build.0 = Debug|Any CPU
		{3CF0C2B8-5188-455A-BA7A-431A447031E8}.Release|Any CPU.ActiveCfg = Release|Any CPU
		{3CF0C2B8-5188-455A-BA7A-431A447031E8}.Release|Any CPU.Build.0 = Release|Any CPU
		{B3B0FE8A-CE9D-44EB-9F79-ED22F4AC2ADB}.Debug|Any CPU.ActiveCfg = Debug|Any CPU
		{B3B0FE8A-CE9D-44EB-9F79-ED22F4AC2ADB}.Debug|Any CPU.Build.0 = Debug|Any CPU
		{B3B0FE8A-CE9D-44EB-9F79-ED22F4AC2ADB}.Release|Any CPU.ActiveCfg = Release|Any CPU
		{B3B0FE8A-CE9D-44EB-9F79-ED22F4AC2ADB}.Release|Any CPU.Build.0 = Release|Any CPU
		{5345AC50-2121-4818-82BE-990F436816B1}.Debug|Any CPU.ActiveCfg = Debug|Any CPU
		{5345AC50-2121-4818-82BE-990F436816B1}.Debug|Any CPU.Build.0 = Debug|Any CPU
		{5345AC50-2121-4818-82BE-990F436816B1}.Release|Any CPU.ActiveCfg = Release|Any CPU
		{5345AC50-2121-4818-82BE-990F436816B1}.Release|Any CPU.Build.0 = Release|Any CPU
		{7A06D892-5E03-430B-9021-29FD04C3FB62}.Debug|Any CPU.ActiveCfg = Debug|Any CPU
		{7A06D892-5E03-430B-9021-29FD04C3FB62}.Debug|Any CPU.Build.0 = Debug|Any CPU
		{7A06D892-5E03-430B-9021-29FD04C3FB62}.Release|Any CPU.ActiveCfg = Release|Any CPU
		{7A06D892-5E03-430B-9021-29FD04C3FB62}.Release|Any CPU.Build.0 = Release|Any CPU
		{0FE637CE-EF30-438A-8D0A-DA0EC8290D68}.Debug|Any CPU.ActiveCfg = Debug|Any CPU
		{0FE637CE-EF30-438A-8D0A-DA0EC8290D68}.Debug|Any CPU.Build.0 = Debug|Any CPU
		{0FE637CE-EF30-438A-8D0A-DA0EC8290D68}.Release|Any CPU.ActiveCfg = Release|Any CPU
		{0FE637CE-EF30-438A-8D0A-DA0EC8290D68}.Release|Any CPU.Build.0 = Release|Any CPU
		{DDE71D45-87E8-409B-AD61-62FC99E60445}.Debug|Any CPU.ActiveCfg = Debug|Any CPU
		{DDE71D45-87E8-409B-AD61-62FC99E60445}.Debug|Any CPU.Build.0 = Debug|Any CPU
		{DDE71D45-87E8-409B-AD61-62FC99E60445}.Release|Any CPU.ActiveCfg = Release|Any CPU
		{DDE71D45-87E8-409B-AD61-62FC99E60445}.Release|Any CPU.Build.0 = Release|Any CPU
		{55DDD9E8-E940-4490-8462-3C2E487FC86B}.Debug|Any CPU.ActiveCfg = Debug|Any CPU
		{55DDD9E8-E940-4490-8462-3C2E487FC86B}.Debug|Any CPU.Build.0 = Debug|Any CPU
		{55DDD9E8-E940-4490-8462-3C2E487FC86B}.Release|Any CPU.ActiveCfg = Release|Any CPU
		{55DDD9E8-E940-4490-8462-3C2E487FC86B}.Release|Any CPU.Build.0 = Release|Any CPU
	EndGlobalSection
	GlobalSection(SolutionProperties) = preSolution
		HideSolutionNode = FALSE
	EndGlobalSection
	GlobalSection(ExtensibilityGlobals) = postSolution
		SolutionGuid = {DF40DDA9-1CF9-47CA-9159-05B7E92AC778}
	EndGlobalSection
EndGlobal
